PODS:
  - flutter_inappwebview (0.0.1):
    - FlutterMacOS
    - OrderedSet (~> 5.0)
  - FlutterMacOS (1.0.0)
  - OrderedSet (5.0.0)

DEPENDENCIES:
  - flutter_inappwebview (from `Flutter/ephemeral/.symlinks/plugins/flutter_inappwebview/macos`)
  - FlutterMacOS (from `Flutter/ephemeral`)

SPEC REPOS:
  trunk:
    - OrderedSet

EXTERNAL SOURCES:
  flutter_inappwebview:
    :path: Flutter/ephemeral/.symlinks/plugins/flutter_inappwebview/macos
  FlutterMacOS:
    :path: Flutter/ephemeral

SPEC CHECKSUMS:
  flutter_inappwebview: 62e949df616a9f6e1b0366326381f208c7fcad37
  FlutterMacOS: ae6af50a8ea7d6103d888583d46bd8328a7e9811
  OrderedSet: aaeb196f7fef5a9edf55d89760da9176ad40b93c

PODFILE CHECKSUM: 6eac6b3292e5142cfc23bdeb71848a40ec51c14c

COCOAPODS: 1.11.3
